
Microsoft Visual Studio Solution File, Format Version 12.00
# Visual Studio Version 17
VisualStudioVersion = 17.2.32630.192
MinimumVisualStudioVersion = 10.0.40219.1
Project("{FAE04EC0-301F-11D3-BF4B-00C04F79EFBC}") = "WebApplication3", "WebApplication3\WebApplication3.csproj", "{FC8CB540-F855-4382-8A42-A048C3F5BC60}"
EndProject
Global
	GlobalSection(SolutionConfigurationPlatforms) = preSolution
		Debug|Any CPU = Debug|Any CPU
		Release|Any CPU = Release|Any CPU
	EndGlobalSection
	GlobalSection(ProjectConfigurationPlatforms) = postSolution
		{FC8CB540-F855-4382-8A42-A048C3F5BC60}.Debug|Any CPU.ActiveCfg = Debug|Any CPU
		{FC8CB540-F855-4382-8A42-A048C3F5BC60}.Debug|Any CPU.Build.0 = Debug|Any CPU
		{FC8CB540-F855-4382-8A42-A048C3F5BC60}.Release|Any CPU.ActiveCfg = Release|Any CPU
		{FC8CB540-F855-4382-8A42-A048C3F5BC60}.Release|Any CPU.Build.0 = Release|Any CPU
	EndGlobalSection
	GlobalSection(SolutionProperties) = preSolution
		HideSolutionNode = FALSE
	EndGlobalSection
	GlobalSection(ExtensibilityGlobals) = postSolution
		SolutionGuid = {94F7C0E9-5C91-4EC0-AFB7-45EDCE0D793F}
	EndGlobalSection
EndGlobal
